
Microsoft Visual Studio Solution File, Format Version 11.00
# Visual Studio 2010
Project("{2150E333-8FDC-42A3-9474-1A3956D46DE8}") = "Client", "Client", "{BC26559C-0D43-4F71-9FCB-C091D0953C24}"
EndProject
Project("{2150E333-8FDC-42A3-9474-1A3956D46DE8}") = "Libraries", "Libraries", "{7F56D06F-D20A-4183-9606-EC893751D6E8}"
EndProject
Project("{2150E333-8FDC-42A3-9474-1A3956D46DE8}") = "Setup", "Setup", "{DBDD96C1-36BE-41ED-9D31-D689F006954F}"
EndProject
Project("{2150E333-8FDC-42A3-9474-1A3956D46DE8}") = "Server", "Server", "{68EBFDC1-BBC0-4B70-8A02-D8DAA7A98A66}"
EndProject
Project("{FAE04EC0-301F-11D3-BF4B-00C04F79EFBC}") = "BEAT.UI", "BEAT.UI\BEAT.UI.csproj", "{EF3F5AD7-ECF1-4BD1-B70F-4FD13140F030}"
EndProject
Project("{FAE04EC0-301F-11D3-BF4B-00C04F79EFBC}") = "BusinessLayer", "BEAT.BusinessLayer\BusinessLayer.csproj", "{4A53C08D-5261-48A8-84E4-C4C75526D086}"
EndProject
Project("{FAE04EC0-301F-11D3-BF4B-00C04F79EFBC}") = "Common", "BEAT.Common\Common.csproj", "{58F04958-BDAB-4A55-8CF5-738699E0F094}"
EndProject
Project("{FAE04EC0-301F-11D3-BF4B-00C04F79EFBC}") = "DataLayer", "BEAT.DataLayer\DataLayer.csproj", "{5B7DBB28-6C1F-4105-9E7C-4AA5458065D8}"
EndProject
Project("{FAE04EC0-301F-11D3-BF4B-00C04F79EFBC}") = "BEAT.Client", "BEAT.ClientService\BEAT.Client.csproj", "{80A7D3D2-68E2-42FE-9868-2EE99E1D3FA6}"
EndProject
Project("{FAE04EC0-301F-11D3-BF4B-00C04F79EFBC}") = "BEAT.Server", "BEAT.Server\BEAT.Server.csproj", "{B0895DD0-1A00-479B-9564-FC3BA66173A5}"
EndProject
Project("{FAE04EC0-301F-11D3-BF4B-00C04F79EFBC}") = "BEAT.WebService", "BEAT.WebService\BEAT.WebService.csproj", "{AB11868E-5BE9-4D42-87D5-EF51F1EAF760}"
EndProject
Project("{FAE04EC0-301F-11D3-BF4B-00C04F79EFBC}") = "TestApp", "TestApp\TestApp.csproj", "{AEBB55AF-5BD4-4A36-8E7E-D1A9EC35C8D7}"
EndProject
Project("{FAE04EC0-301F-11D3-BF4B-00C04F79EFBC}") = "BEAT.Support", "BEAT.Support\BEAT.Support.csproj", "{ECB54C12-DE9F-48B9-8AB2-6BA45C701E6A}"
EndProject
Project("{FAE04EC0-301F-11D3-BF4B-00C04F79EFBC}") = "BEAT.DownloadBinaries", "BEAT.DownloadBinaries\BEAT.DownloadBinaries.csproj", "{07B18399-5A5A-4415-AE5B-0AD43B33B519}"
EndProject
Global
	GlobalSection(SolutionConfigurationPlatforms) = preSolution
		Debug|Any CPU = Debug|Any CPU
		Debug|Mixed Platforms = Debug|Mixed Platforms
		Debug|x86 = Debug|x86
		Release|Any CPU = Release|Any CPU
		Release|Mixed Platforms = Release|Mixed Platforms
		Release|x86 = Release|x86
	EndGlobalSection
	GlobalSection(ProjectConfigurationPlatforms) = postSolution
		{EF3F5AD7-ECF1-4BD1-B70F-4FD13140F030}.Debug|Any CPU.ActiveCfg = Debug|x86
		{EF3F5AD7-ECF1-4BD1-B70F-4FD13140F030}.Debug|Mixed Platforms.ActiveCfg = Debug|x86
		{EF3F5AD7-ECF1-4BD1-B70F-4FD13140F030}.Debug|Mixed Platforms.Build.0 = Debug|x86
		{EF3F5AD7-ECF1-4BD1-B70F-4FD13140F030}.Debug|x86.ActiveCfg = Debug|x86
		{EF3F5AD7-ECF1-4BD1-B70F-4FD13140F030}.Debug|x86.Build.0 = Debug|x86
		{EF3F5AD7-ECF1-4BD1-B70F-4FD13140F030}.Release|Any CPU.ActiveCfg = Release|x86
		{EF3F5AD7-ECF1-4BD1-B70F-4FD13140F030}.Release|Mixed Platforms.ActiveCfg = Release|x86
		{EF3F5AD7-ECF1-4BD1-B70F-4FD13140F030}.Release|Mixed Platforms.Build.0 = Release|x86
		{EF3F5AD7-ECF1-4BD1-B70F-4FD13140F030}.Release|x86.ActiveCfg = Release|x86
		{EF3F5AD7-ECF1-4BD1-B70F-4FD13140F030}.Release|x86.Build.0 = Release|x86
		{4A53C08D-5261-48A8-84E4-C4C75526D086}.Debug|Any CPU.ActiveCfg = Debug|Any CPU
		{4A53C08D-5261-48A8-84E4-C4C75526D086}.Debug|Any CPU.Build.0 = Debug|Any CPU
		{4A53C08D-5261-48A8-84E4-C4C75526D086}.Debug|Mixed Platforms.ActiveCfg = Debug|Any CPU
		{4A53C08D-5261-48A8-84E4-C4C75526D086}.Debug|Mixed Platforms.Build.0 = Debug|Any CPU
		{4A53C08D-5261-48A8-84E4-C4C75526D086}.Debug|x86.ActiveCfg = Debug|Any CPU
		{4A53C08D-5261-48A8-84E4-C4C75526D086}.Release|Any CPU.ActiveCfg = Release|Any CPU
		{4A53C08D-5261-48A8-84E4-C4C75526D086}.Release|Any CPU.Build.0 = Release|Any CPU
		{4A53C08D-5261-48A8-84E4-C4C75526D086}.Release|Mixed Platforms.ActiveCfg = Release|Any CPU
		{4A53C08D-5261-48A8-84E4-C4C75526D086}.Release|Mixed Platforms.Build.0 = Release|Any CPU
		{4A53C08D-5261-48A8-84E4-C4C75526D086}.Release|x86.ActiveCfg = Release|Any CPU
		{58F04958-BDAB-4A55-8CF5-738699E0F094}.Debug|Any CPU.ActiveCfg = Debug|Any CPU
		{58F04958-BDAB-4A55-8CF5-738699E0F094}.Debug|Any CPU.Build.0 = Debug|Any CPU
		{58F04958-BDAB-4A55-8CF5-738699E0F094}.Debug|Mixed Platforms.ActiveCfg = Debug|Any CPU
		{58F04958-BDAB-4A55-8CF5-738699E0F094}.Debug|Mixed Platforms.Build.0 = Debug|Any CPU
		{58F04958-BDAB-4A55-8CF5-738699E0F094}.Debug|x86.ActiveCfg = Debug|Any CPU
		{58F04958-BDAB-4A55-8CF5-738699E0F094}.Release|Any CPU.ActiveCfg = Release|Any CPU
		{58F04958-BDAB-4A55-8CF5-738699E0F094}.Release|Any CPU.Build.0 = Release|Any CPU
		{58F04958-BDAB-4A55-8CF5-738699E0F094}.Release|Mixed Platforms.ActiveCfg = Release|Any CPU
		{58F04958-BDAB-4A55-8CF5-738699E0F094}.Release|Mixed Platforms.Build.0 = Release|Any CPU
		{58F04958-BDAB-4A55-8CF5-738699E0F094}.Release|x86.ActiveCfg = Release|Any CPU
		{5B7DBB28-6C1F-4105-9E7C-4AA5458065D8}.Debug|Any CPU.ActiveCfg = Debug|Any CPU
		{5B7DBB28-6C1F-4105-9E7C-4AA5458065D8}.Debug|Any CPU.Build.0 = Debug|Any CPU
		{5B7DBB28-6C1F-4105-9E7C-4AA5458065D8}.Debug|Mixed Platforms.ActiveCfg = Debug|Any CPU
		{5B7DBB28-6C1F-4105-9E7C-4AA5458065D8}.Debug|Mixed Platforms.Build.0 = Debug|Any CPU
		{5B7DBB28-6C1F-4105-9E7C-4AA5458065D8}.Debug|x86.ActiveCfg = Debug|Any CPU
		{5B7DBB28-6C1F-4105-9E7C-4AA5458065D8}.Release|Any CPU.ActiveCfg = Release|Any CPU
		{5B7DBB28-6C1F-4105-9E7C-4AA5458065D8}.Release|Any CPU.Build.0 = Release|Any CPU
		{5B7DBB28-6C1F-4105-9E7C-4AA5458065D8}.Release|Mixed Platforms.ActiveCfg = Release|Any CPU
		{5B7DBB28-6C1F-4105-9E7C-4AA5458065D8}.Release|Mixed Platforms.Build.0 = Release|Any CPU
		{5B7DBB28-6C1F-4105-9E7C-4AA5458065D8}.Release|x86.ActiveCfg = Release|Any CPU
		{80A7D3D2-68E2-42FE-9868-2EE99E1D3FA6}.Debug|Any CPU.ActiveCfg = Debug|x86
		{80A7D3D2-68E2-42FE-9868-2EE99E1D3FA6}.Debug|Mixed Platforms.ActiveCfg = Debug|x86
		{80A7D3D2-68E2-42FE-9868-2EE99E1D3FA6}.Debug|Mixed Platforms.Build.0 = Debug|x86
		{80A7D3D2-68E2-42FE-9868-2EE99E1D3FA6}.Debug|x86.ActiveCfg = Debug|x86
		{80A7D3D2-68E2-42FE-9868-2EE99E1D3FA6}.Debug|x86.Build.0 = Debug|x86
		{80A7D3D2-68E2-42FE-9868-2EE99E1D3FA6}.Release|Any CPU.ActiveCfg = Release|x86
		{80A7D3D2-68E2-42FE-9868-2EE99E1D3FA6}.Release|Mixed Platforms.ActiveCfg = Release|x86
		{80A7D3D2-68E2-42FE-9868-2EE99E1D3FA6}.Release|Mixed Platforms.Build.0 = Release|x86
		{80A7D3D2-68E2-42FE-9868-2EE99E1D3FA6}.Release|x86.ActiveCfg = Release|x86
		{80A7D3D2-68E2-42FE-9868-2EE99E1D3FA6}.Release|x86.Build.0 = Release|x86
		{B0895DD0-1A00-479B-9564-FC3BA66173A5}.Debug|Any CPU.ActiveCfg = Debug|x86
		{B0895DD0-1A00-479B-9564-FC3BA66173A5}.Debug|Mixed Platforms.ActiveCfg = Debug|x86
		{B0895DD0-1A00-479B-9564-FC3BA66173A5}.Debug|Mixed Platforms.Build.0 = Debug|x86
		{B0895DD0-1A00-479B-9564-FC3BA66173A5}.Debug|x86.ActiveCfg = Debug|x86
		{B0895DD0-1A00-479B-9564-FC3BA66173A5}.Debug|x86.Build.0 = Debug|x86
		{B0895DD0-1A00-479B-9564-FC3BA66173A5}.Release|Any CPU.ActiveCfg = Release|x86
		{B0895DD0-1A00-479B-9564-FC3BA66173A5}.Release|Mixed Platforms.ActiveCfg = Release|x86
		{B0895DD0-1A00-479B-9564-FC3BA66173A5}.Release|Mixed Platforms.Build.0 = Release|x86
		{B0895DD0-1A00-479B-9564-FC3BA66173A5}.Release|x86.ActiveCfg = Release|x86
		{B0895DD0-1A00-479B-9564-FC3BA66173A5}.Release|x86.Build.0 = Release|x86
		{AB11868E-5BE9-4D42-87D5-EF51F1EAF760}.Debug|Any CPU.ActiveCfg = Debug|Any CPU
		{AB11868E-5BE9-4D42-87D5-EF51F1EAF760}.Debug|Any CPU.Build.0 = Debug|Any CPU
		{AB11868E-5BE9-4D42-87D5-EF51F1EAF760}.Debug|Mixed Platforms.ActiveCfg = Debug|Any CPU
		{AB11868E-5BE9-4D42-87D5-EF51F1EAF760}.Debug|Mixed Platforms.Build.0 = Debug|Any CPU
		{AB11868E-5BE9-4D42-87D5-EF51F1EAF760}.Debug|x86.ActiveCfg = Debug|Any CPU
		{AB11868E-5BE9-4D42-87D5-EF51F1EAF760}.Release|Any CPU.ActiveCfg = Release|Any CPU
		{AB11868E-5BE9-4D42-87D5-EF51F1EAF760}.Release|Any CPU.Build.0 = Release|Any CPU
		{AB11868E-5BE9-4D42-87D5-EF51F1EAF760}.Release|Mixed Platforms.ActiveCfg = Release|Any CPU
		{AB11868E-5BE9-4D42-87D5-EF51F1EAF760}.Release|Mixed Platforms.Build.0 = Release|Any CPU
		{AB11868E-5BE9-4D42-87D5-EF51F1EAF760}.Release|x86.ActiveCfg = Release|Any CPU
		{AEBB55AF-5BD4-4A36-8E7E-D1A9EC35C8D7}.Debug|Any CPU.ActiveCfg = Debug|x86
		{AEBB55AF-5BD4-4A36-8E7E-D1A9EC35C8D7}.Debug|Mixed Platforms.ActiveCfg = Debug|x86
		{AEBB55AF-5BD4-4A36-8E7E-D1A9EC35C8D7}.Debug|Mixed Platforms.Build.0 = Debug|x86
		{AEBB55AF-5BD4-4A36-8E7E-D1A9EC35C8D7}.Debug|x86.ActiveCfg = Debug|x86
		{AEBB55AF-5BD4-4A36-8E7E-D1A9EC35C8D7}.Debug|x86.Build.0 = Debug|x86
		{AEBB55AF-5BD4-4A36-8E7E-D1A9EC35C8D7}.Release|Any CPU.ActiveCfg = Release|x86
		{AEBB55AF-5BD4-4A36-8E7E-D1A9EC35C8D7}.Release|Mixed Platforms.ActiveCfg = Release|x86
		{AEBB55AF-5BD4-4A36-8E7E-D1A9EC35C8D7}.Release|Mixed Platforms.Build.0 = Release|x86
		{AEBB55AF-5BD4-4A36-8E7E-D1A9EC35C8D7}.Release|x86.ActiveCfg = Release|x86
		{AEBB55AF-5BD4-4A36-8E7E-D1A9EC35C8D7}.Release|x86.Build.0 = Release|x86
		{ECB54C12-DE9F-48B9-8AB2-6BA45C701E6A}.Debug|Any CPU.ActiveCfg = Debug|x86
		{ECB54C12-DE9F-48B9-8AB2-6BA45C701E6A}.Debug|Mixed Platforms.ActiveCfg = Debug|x86
		{ECB54C12-DE9F-48B9-8AB2-6BA45C701E6A}.Debug|Mixed Platforms.Build.0 = Debug|x86
		{ECB54C12-DE9F-48B9-8AB2-6BA45C701E6A}.Debug|x86.ActiveCfg = Debug|x86
		{ECB54C12-DE9F-48B9-8AB2-6BA45C701E6A}.Debug|x86.Build.0 = Debug|x86
		{ECB54C12-DE9F-48B9-8AB2-6BA45C701E6A}.Release|Any CPU.ActiveCfg = Release|x86
		{ECB54C12-DE9F-48B9-8AB2-6BA45C701E6A}.Release|Mixed Platforms.ActiveCfg = Release|x86
		{ECB54C12-DE9F-48B9-8AB2-6BA45C701E6A}.Release|Mixed Platforms.Build.0 = Release|x86
		{ECB54C12-DE9F-48B9-8AB2-6BA45C701E6A}.Release|x86.ActiveCfg = Release|x86
		{ECB54C12-DE9F-48B9-8AB2-6BA45C701E6A}.Release|x86.Build.0 = Release|x86
		{07B18399-5A5A-4415-AE5B-0AD43B33B519}.Debug|Any CPU.ActiveCfg = Debug|x86
		{07B18399-5A5A-4415-AE5B-0AD43B33B519}.Debug|Mixed Platforms.ActiveCfg = Debug|x86
		{07B18399-5A5A-4415-AE5B-0AD43B33B519}.Debug|Mixed Platforms.Build.0 = Debug|x86
		{07B18399-5A5A-4415-AE5B-0AD43B33B519}.Debug|x86.ActiveCfg = Debug|x86
		{07B18399-5A5A-4415-AE5B-0AD43B33B519}.Debug|x86.Build.0 = Debug|x86
		{07B18399-5A5A-4415-AE5B-0AD43B33B519}.Release|Any CPU.ActiveCfg = Release|x86
		{07B18399-5A5A-4415-AE5B-0AD43B33B519}.Release|Mixed Platforms.ActiveCfg = Release|x86
		{07B18399-5A5A-4415-AE5B-0AD43B33B519}.Release|Mixed Platforms.Build.0 = Release|x86
		{07B18399-5A5A-4415-AE5B-0AD43B33B519}.Release|x86.ActiveCfg = Release|x86
		{07B18399-5A5A-4415-AE5B-0AD43B33B519}.Release|x86.Build.0 = Release|x86
	EndGlobalSection
	GlobalSection(SolutionProperties) = preSolution
		HideSolutionNode = FALSE
	EndGlobalSection
	GlobalSection(NestedProjects) = preSolution
		{EF3F5AD7-ECF1-4BD1-B70F-4FD13140F030} = {BC26559C-0D43-4F71-9FCB-C091D0953C24}
		{80A7D3D2-68E2-42FE-9868-2EE99E1D3FA6} = {BC26559C-0D43-4F71-9FCB-C091D0953C24}
		{AEBB55AF-5BD4-4A36-8E7E-D1A9EC35C8D7} = {BC26559C-0D43-4F71-9FCB-C091D0953C24}
		{ECB54C12-DE9F-48B9-8AB2-6BA45C701E6A} = {BC26559C-0D43-4F71-9FCB-C091D0953C24}
		{07B18399-5A5A-4415-AE5B-0AD43B33B519} = {BC26559C-0D43-4F71-9FCB-C091D0953C24}
		{4A53C08D-5261-48A8-84E4-C4C75526D086} = {7F56D06F-D20A-4183-9606-EC893751D6E8}
		{58F04958-BDAB-4A55-8CF5-738699E0F094} = {7F56D06F-D20A-4183-9606-EC893751D6E8}
		{5B7DBB28-6C1F-4105-9E7C-4AA5458065D8} = {7F56D06F-D20A-4183-9606-EC893751D6E8}
		{B0895DD0-1A00-479B-9564-FC3BA66173A5} = {68EBFDC1-BBC0-4B70-8A02-D8DAA7A98A66}
		{AB11868E-5BE9-4D42-87D5-EF51F1EAF760} = {68EBFDC1-BBC0-4B70-8A02-D8DAA7A98A66}
	EndGlobalSection
EndGlobal
